{
  "name": "color-books",
  "version": "0.1.2",
  "lockfileVersion": 1,
  "requires": true,
  "dependencies": {
    "coffeescript": {
      "version": "https://registry.npmjs.org/coffeescript/-/coffeescript-2.0.1.tgz",
      "integrity": "sha1-e3SmLuW5vIM8mneWhgUydCHFMSo=",
      "dev": true
    }
  }
}
