{
  "name": "color-books",
  "version": "0.0.1",
  "lockfileVersion": 1,
  "requires": true,
  "dependencies": {
    "coffeescript": {
      "version": "2.0.0-beta4",
      "resolved": "https://registry.npmjs.org/coffeescript/-/coffeescript-2.0.0-beta4.tgz",
      "integrity": "sha512-wjjEB86s3phSWIVljWnbH5xcgIEL6NTaq1Y/AjxNC/Kegn80/61pFgF9fIY1ZxfAsNe8kkdPfxL5Ape/2SgCew==",
      "dev": true
    }
  }
}
